
Microsoft Visual Studio Solution File, Format Version 12.00
# Visual Studio Version 16
VisualStudioVersion = 16.0.35731.53
MinimumVisualStudioVersion = 10.0.40219.1
Project("{FAE04EC0-301F-11D3-BF4B-00C04F79EFBC}") = "Интерфейс+окно ввода - вывода", "Интерфейс+окно ввода - вывода\Интерфейс+окно ввода - вывода.csproj", "{8848D900-0B1A-4B35-83E4-E3085956319D}"
EndProject
Global
	GlobalSection(SolutionConfigurationPlatforms) = preSolution
		Debug|Any CPU = Debug|Any CPU
		Release|Any CPU = Release|Any CPU
	EndGlobalSection
	GlobalSection(ProjectConfigurationPlatforms) = postSolution
		{8848D900-0B1A-4B35-83E4-E3085956319D}.Debug|Any CPU.ActiveCfg = Debug|Any CPU
		{8848D900-0B1A-4B35-83E4-E3085956319D}.Debug|Any CPU.Build.0 = Debug|Any CPU
		{8848D900-0B1A-4B35-83E4-E3085956319D}.Release|Any CPU.ActiveCfg = Release|Any CPU
		{8848D900-0B1A-4B35-83E4-E3085956319D}.Release|Any CPU.Build.0 = Release|Any CPU
	EndGlobalSection
	GlobalSection(SolutionProperties) = preSolution
		HideSolutionNode = FALSE
	EndGlobalSection
	GlobalSection(ExtensibilityGlobals) = postSolution
		SolutionGuid = {F79C1B91-95E3-46B9-8491-E45B3E848C19}
	EndGlobalSection
EndGlobal
